
Microsoft Visual Studio Solution File, Format Version 12.00
# Visual Studio Version 16
VisualStudioVersion = 16.6.30114.105
MinimumVisualStudioVersion = 10.0.40219.1
Project("{FAE04EC0-301F-11D3-BF4B-00C04F79EFBC}") = "Penguin.Cms.IssueTracking.Local", "Penguin.Cms.IssueTracking.Local.csproj", "{F4135E26-E1EA-4F3B-AFA6-DEEA2B5BD22C}"
EndProject
Project("{FAE04EC0-301F-11D3-BF4B-00C04F79EFBC}") = "Penguin.Cms.Entities.Local", "..\Penguin.Cms.Entities\Penguin.Cms.Entities.Local.csproj", "{6E4F4CE1-6ED9-44FE-9A2F-D3914A04D566}"
EndProject
Project("{FAE04EC0-301F-11D3-BF4B-00C04F79EFBC}") = "Penguin.Persistence.Abstractions.Local", "..\Penguin.Persistence.Abstractions\Penguin.Persistence.Abstractions.Local.csproj", "{F239BE04-175C-449A-948D-CE341014AE7F}"
EndProject
Project("{FAE04EC0-301F-11D3-BF4B-00C04F79EFBC}") = "Penguin.Entities.Abstractions.Local", "..\Penguin.Entities.Abstractions\Penguin.Entities.Abstractions.Local.csproj", "{1391A5E7-FF4B-471A-AD54-BA8F7CDFFBC3}"
EndProject
Project("{FAE04EC0-301F-11D3-BF4B-00C04F79EFBC}") = "Penguin.Reflection.Extensions.Local", "..\Penguin.Reflection.Extensions\Penguin.Reflection.Extensions.Local.csproj", "{85D000C3-7AAD-4C39-A65C-274AE2BD1A58}"
EndProject
Project("{FAE04EC0-301F-11D3-BF4B-00C04F79EFBC}") = "Penguin.Reflection.Abstractions.Local", "..\Penguin.Reflection.Abstractions\Penguin.Reflection.Abstractions.Local.csproj", "{7F29046D-C8BF-415C-9B1A-B8DE174ED9F9}"
EndProject
Project("{FAE04EC0-301F-11D3-BF4B-00C04F79EFBC}") = "Penguin.Extensions.String.Local", "..\Penguin.Extensions.String\Penguin.Extensions.String.Local.csproj", "{A1D8AD75-3013-43D6-937B-E89324F5650C}"
EndProject
Project("{FAE04EC0-301F-11D3-BF4B-00C04F79EFBC}") = "Penguin.Cms.Files.Local", "..\Penguin.Cms.Files\Penguin.Cms.Files.Local.csproj", "{CA1A839B-35E6-4F20-B071-2520B62EEA04}"
EndProject
Project("{FAE04EC0-301F-11D3-BF4B-00C04F79EFBC}") = "Penguin.Files.Abstractions.Local", "..\Penguin.Files.Abstractions\Penguin.Files.Abstractions.Local.csproj", "{98885942-55B9-491B-8859-7D9193CC025E}"
EndProject
Project("{FAE04EC0-301F-11D3-BF4B-00C04F79EFBC}") = "Penguin.Cms.Security.Local", "..\Penguin.Cms.Security\Penguin.Cms.Security.Local.csproj", "{6908B4C7-0647-49C1-BF84-D821F4289F1B}"
EndProject
Project("{FAE04EC0-301F-11D3-BF4B-00C04F79EFBC}") = "Penguin.Auditing.Abstractions.Local", "..\Penguin.Auditing.Abstractions\Penguin.Auditing.Abstractions.Local.csproj", "{94D009F5-D7F4-4FA7-A737-D66D7FC281E1}"
EndProject
Project("{FAE04EC0-301F-11D3-BF4B-00C04F79EFBC}") = "Penguin.Cms.Email.Abstractions.Local", "..\Penguin.Cms.Email.Abstractions\Penguin.Cms.Email.Abstractions.Local.csproj", "{8B95EAEA-1690-4DEA-A82A-414140286B65}"
EndProject
Project("{FAE04EC0-301F-11D3-BF4B-00C04F79EFBC}") = "Penguin.Email.Abstractions.Local", "..\Penguin.Email.Abstractions\Penguin.Email.Abstractions.Local.csproj", "{305B925B-9484-4159-A836-35C0247BEB0D}"
EndProject
Project("{FAE04EC0-301F-11D3-BF4B-00C04F79EFBC}") = "Penguin.Email.Templating.Abstractions.Local", "..\Penguin.Email.Templating.Abstractions\Penguin.Email.Templating.Abstractions.Local.csproj", "{60100AFB-B280-40E0-92C7-3CC2C8465A6C}"
EndProject
Project("{FAE04EC0-301F-11D3-BF4B-00C04F79EFBC}") = "Penguin.Templating.Abstractions.Local", "..\Penguin.Templating.Abstractions\Penguin.Templating.Abstractions.Local.csproj", "{7B219300-EC3F-40FE-AC55-D9BC35842A64}"
EndProject
Project("{FAE04EC0-301F-11D3-BF4B-00C04F79EFBC}") = "Penguin.Security.Abstractions.Local", "..\Penguin.Security.Abstractions\Penguin.Security.Abstractions.Local.csproj", "{19CC7C3E-07A4-4182-8C31-9AF36BA1FB5A}"
EndProject
Project("{FAE04EC0-301F-11D3-BF4B-00C04F79EFBC}") = "Penguin.Cms.Abstractions.Local", "..\Penguin.Cms.Abstractions\Penguin.Cms.Abstractions.Local.csproj", "{AB4B009D-283D-4A67-9128-242BE756E379}"
EndProject
Project("{FAE04EC0-301F-11D3-BF4B-00C04F79EFBC}") = "Penguin.DependencyInjection.Abstractions.Local", "..\Penguin.DependencyInjection.Abstractions\Penguin.DependencyInjection.Abstractions.Local.csproj", "{9DD40991-2E73-4A5C-BB6D-EEE7D9D55B20}"
EndProject
Global
	GlobalSection(SolutionConfigurationPlatforms) = preSolution
		Debug|Any CPU = Debug|Any CPU
		Debug|x64 = Debug|x64
		Debug|x86 = Debug|x86
		Release|Any CPU = Release|Any CPU
		Release|x64 = Release|x64
		Release|x86 = Release|x86
	EndGlobalSection
	GlobalSection(SolutionProperties) = preSolution
		HideSolutionNode = FALSE
	EndGlobalSection
	GlobalSection(ProjectConfigurationPlatforms) = postSolution
		{F4135E26-E1EA-4F3B-AFA6-DEEA2B5BD22C}.Debug|Any CPU.ActiveCfg = Debug|Any CPU
		{F4135E26-E1EA-4F3B-AFA6-DEEA2B5BD22C}.Debug|Any CPU.Build.0 = Debug|Any CPU
		{F4135E26-E1EA-4F3B-AFA6-DEEA2B5BD22C}.Debug|x64.ActiveCfg = Debug|Any CPU
		{F4135E26-E1EA-4F3B-AFA6-DEEA2B5BD22C}.Debug|x64.Build.0 = Debug|Any CPU
		{F4135E26-E1EA-4F3B-AFA6-DEEA2B5BD22C}.Debug|x86.ActiveCfg = Debug|Any CPU
		{F4135E26-E1EA-4F3B-AFA6-DEEA2B5BD22C}.Debug|x86.Build.0 = Debug|Any CPU
		{F4135E26-E1EA-4F3B-AFA6-DEEA2B5BD22C}.Release|Any CPU.ActiveCfg = Release|Any CPU
		{F4135E26-E1EA-4F3B-AFA6-DEEA2B5BD22C}.Release|Any CPU.Build.0 = Release|Any CPU
		{F4135E26-E1EA-4F3B-AFA6-DEEA2B5BD22C}.Release|x64.ActiveCfg = Release|Any CPU
		{F4135E26-E1EA-4F3B-AFA6-DEEA2B5BD22C}.Release|x64.Build.0 = Release|Any CPU
		{F4135E26-E1EA-4F3B-AFA6-DEEA2B5BD22C}.Release|x86.ActiveCfg = Release|Any CPU
		{F4135E26-E1EA-4F3B-AFA6-DEEA2B5BD22C}.Release|x86.Build.0 = Release|Any CPU
		{6E4F4CE1-6ED9-44FE-9A2F-D3914A04D566}.Debug|Any CPU.ActiveCfg = Debug|Any CPU
		{6E4F4CE1-6ED9-44FE-9A2F-D3914A04D566}.Debug|Any CPU.Build.0 = Debug|Any CPU
		{6E4F4CE1-6ED9-44FE-9A2F-D3914A04D566}.Debug|x64.ActiveCfg = Debug|Any CPU
		{6E4F4CE1-6ED9-44FE-9A2F-D3914A04D566}.Debug|x64.Build.0 = Debug|Any CPU
		{6E4F4CE1-6ED9-44FE-9A2F-D3914A04D566}.Debug|x86.ActiveCfg = Debug|Any CPU
		{6E4F4CE1-6ED9-44FE-9A2F-D3914A04D566}.Debug|x86.Build.0 = Debug|Any CPU
		{6E4F4CE1-6ED9-44FE-9A2F-D3914A04D566}.Release|Any CPU.ActiveCfg = Release|Any CPU
		{6E4F4CE1-6ED9-44FE-9A2F-D3914A04D566}.Release|Any CPU.Build.0 = Release|Any CPU
		{6E4F4CE1-6ED9-44FE-9A2F-D3914A04D566}.Release|x64.ActiveCfg = Release|Any CPU
		{6E4F4CE1-6ED9-44FE-9A2F-D3914A04D566}.Release|x64.Build.0 = Release|Any CPU
		{6E4F4CE1-6ED9-44FE-9A2F-D3914A04D566}.Release|x86.ActiveCfg = Release|Any CPU
		{6E4F4CE1-6ED9-44FE-9A2F-D3914A04D566}.Release|x86.Build.0 = Release|Any CPU
		{F239BE04-175C-449A-948D-CE341014AE7F}.Debug|Any CPU.ActiveCfg = Debug|Any CPU
		{F239BE04-175C-449A-948D-CE341014AE7F}.Debug|Any CPU.Build.0 = Debug|Any CPU
		{F239BE04-175C-449A-948D-CE341014AE7F}.Debug|x64.ActiveCfg = Debug|Any CPU
		{F239BE04-175C-449A-948D-CE341014AE7F}.Debug|x64.Build.0 = Debug|Any CPU
		{F239BE04-175C-449A-948D-CE341014AE7F}.Debug|x86.ActiveCfg = Debug|Any CPU
		{F239BE04-175C-449A-948D-CE341014AE7F}.Debug|x86.Build.0 = Debug|Any CPU
		{F239BE04-175C-449A-948D-CE341014AE7F}.Release|Any CPU.ActiveCfg = Release|Any CPU
		{F239BE04-175C-449A-948D-CE341014AE7F}.Release|Any CPU.Build.0 = Release|Any CPU
		{F239BE04-175C-449A-948D-CE341014AE7F}.Release|x64.ActiveCfg = Release|Any CPU
		{F239BE04-175C-449A-948D-CE341014AE7F}.Release|x64.Build.0 = Release|Any CPU
		{F239BE04-175C-449A-948D-CE341014AE7F}.Release|x86.ActiveCfg = Release|Any CPU
		{F239BE04-175C-449A-948D-CE341014AE7F}.Release|x86.Build.0 = Release|Any CPU
		{1391A5E7-FF4B-471A-AD54-BA8F7CDFFBC3}.Debug|Any CPU.ActiveCfg = Debug|Any CPU
		{1391A5E7-FF4B-471A-AD54-BA8F7CDFFBC3}.Debug|Any CPU.Build.0 = Debug|Any CPU
		{1391A5E7-FF4B-471A-AD54-BA8F7CDFFBC3}.Debug|x64.ActiveCfg = Debug|Any CPU
		{1391A5E7-FF4B-471A-AD54-BA8F7CDFFBC3}.Debug|x64.Build.0 = Debug|Any CPU
		{1391A5E7-FF4B-471A-AD54-BA8F7CDFFBC3}.Debug|x86.ActiveCfg = Debug|Any CPU
		{1391A5E7-FF4B-471A-AD54-BA8F7CDFFBC3}.Debug|x86.Build.0 = Debug|Any CPU
		{1391A5E7-FF4B-471A-AD54-BA8F7CDFFBC3}.Release|Any CPU.ActiveCfg = Release|Any CPU
		{1391A5E7-FF4B-471A-AD54-BA8F7CDFFBC3}.Release|Any CPU.Build.0 = Release|Any CPU
		{1391A5E7-FF4B-471A-AD54-BA8F7CDFFBC3}.Release|x64.ActiveCfg = Release|Any CPU
		{1391A5E7-FF4B-471A-AD54-BA8F7CDFFBC3}.Release|x64.Build.0 = Release|Any CPU
		{1391A5E7-FF4B-471A-AD54-BA8F7CDFFBC3}.Release|x86.ActiveCfg = Release|Any CPU
		{1391A5E7-FF4B-471A-AD54-BA8F7CDFFBC3}.Release|x86.Build.0 = Release|Any CPU
		{85D000C3-7AAD-4C39-A65C-274AE2BD1A58}.Debug|Any CPU.ActiveCfg = Debug|Any CPU
		{85D000C3-7AAD-4C39-A65C-274AE2BD1A58}.Debug|Any CPU.Build.0 = Debug|Any CPU
		{85D000C3-7AAD-4C39-A65C-274AE2BD1A58}.Debug|x64.ActiveCfg = Debug|Any CPU
		{85D000C3-7AAD-4C39-A65C-274AE2BD1A58}.Debug|x64.Build.0 = Debug|Any CPU
		{85D000C3-7AAD-4C39-A65C-274AE2BD1A58}.Debug|x86.ActiveCfg = Debug|Any CPU
		{85D000C3-7AAD-4C39-A65C-274AE2BD1A58}.Debug|x86.Build.0 = Debug|Any CPU
		{85D000C3-7AAD-4C39-A65C-274AE2BD1A58}.Release|Any CPU.ActiveCfg = Release|Any CPU
		{85D000C3-7AAD-4C39-A65C-274AE2BD1A58}.Release|Any CPU.Build.0 = Release|Any CPU
		{85D000C3-7AAD-4C39-A65C-274AE2BD1A58}.Release|x64.ActiveCfg = Release|Any CPU
		{85D000C3-7AAD-4C39-A65C-274AE2BD1A58}.Release|x64.Build.0 = Release|Any CPU
		{85D000C3-7AAD-4C39-A65C-274AE2BD1A58}.Release|x86.ActiveCfg = Release|Any CPU
		{85D000C3-7AAD-4C39-A65C-274AE2BD1A58}.Release|x86.Build.0 = Release|Any CPU
		{7F29046D-C8BF-415C-9B1A-B8DE174ED9F9}.Debug|Any CPU.ActiveCfg = Debug|Any CPU
		{7F29046D-C8BF-415C-9B1A-B8DE174ED9F9}.Debug|Any CPU.Build.0 = Debug|Any CPU
		{7F29046D-C8BF-415C-9B1A-B8DE174ED9F9}.Debug|x64.ActiveCfg = Debug|Any CPU
		{7F29046D-C8BF-415C-9B1A-B8DE174ED9F9}.Debug|x64.Build.0 = Debug|Any CPU
		{7F29046D-C8BF-415C-9B1A-B8DE174ED9F9}.Debug|x86.ActiveCfg = Debug|Any CPU
		{7F29046D-C8BF-415C-9B1A-B8DE174ED9F9}.Debug|x86.Build.0 = Debug|Any CPU
		{7F29046D-C8BF-415C-9B1A-B8DE174ED9F9}.Release|Any CPU.ActiveCfg = Release|Any CPU
		{7F29046D-C8BF-415C-9B1A-B8DE174ED9F9}.Release|Any CPU.Build.0 = Release|Any CPU
		{7F29046D-C8BF-415C-9B1A-B8DE174ED9F9}.Release|x64.ActiveCfg = Release|Any CPU
		{7F29046D-C8BF-415C-9B1A-B8DE174ED9F9}.Release|x64.Build.0 = Release|Any CPU
		{7F29046D-C8BF-415C-9B1A-B8DE174ED9F9}.Release|x86.ActiveCfg = Release|Any CPU
		{7F29046D-C8BF-415C-9B1A-B8DE174ED9F9}.Release|x86.Build.0 = Release|Any CPU
		{A1D8AD75-3013-43D6-937B-E89324F5650C}.Debug|Any CPU.ActiveCfg = Debug|Any CPU
		{A1D8AD75-3013-43D6-937B-E89324F5650C}.Debug|Any CPU.Build.0 = Debug|Any CPU
		{A1D8AD75-3013-43D6-937B-E89324F5650C}.Debug|x64.ActiveCfg = Debug|Any CPU
		{A1D8AD75-3013-43D6-937B-E89324F5650C}.Debug|x64.Build.0 = Debug|Any CPU
		{A1D8AD75-3013-43D6-937B-E89324F5650C}.Debug|x86.ActiveCfg = Debug|Any CPU
		{A1D8AD75-3013-43D6-937B-E89324F5650C}.Debug|x86.Build.0 = Debug|Any CPU
		{A1D8AD75-3013-43D6-937B-E89324F5650C}.Release|Any CPU.ActiveCfg = Release|Any CPU
		{A1D8AD75-3013-43D6-937B-E89324F5650C}.Release|Any CPU.Build.0 = Release|Any CPU
		{A1D8AD75-3013-43D6-937B-E89324F5650C}.Release|x64.ActiveCfg = Release|Any CPU
		{A1D8AD75-3013-43D6-937B-E89324F5650C}.Release|x64.Build.0 = Release|Any CPU
		{A1D8AD75-3013-43D6-937B-E89324F5650C}.Release|x86.ActiveCfg = Release|Any CPU
		{A1D8AD75-3013-43D6-937B-E89324F5650C}.Release|x86.Build.0 = Release|Any CPU
		{CA1A839B-35E6-4F20-B071-2520B62EEA04}.Debug|Any CPU.ActiveCfg = Debug|Any CPU
		{CA1A839B-35E6-4F20-B071-2520B62EEA04}.Debug|Any CPU.Build.0 = Debug|Any CPU
		{CA1A839B-35E6-4F20-B071-2520B62EEA04}.Debug|x64.ActiveCfg = Debug|Any CPU
		{CA1A839B-35E6-4F20-B071-2520B62EEA04}.Debug|x64.Build.0 = Debug|Any CPU
		{CA1A839B-35E6-4F20-B071-2520B62EEA04}.Debug|x86.ActiveCfg = Debug|Any CPU
		{CA1A839B-35E6-4F20-B071-2520B62EEA04}.Debug|x86.Build.0 = Debug|Any CPU
		{CA1A839B-35E6-4F20-B071-2520B62EEA04}.Release|Any CPU.ActiveCfg = Release|Any CPU
		{CA1A839B-35E6-4F20-B071-2520B62EEA04}.Release|Any CPU.Build.0 = Release|Any CPU
		{CA1A839B-35E6-4F20-B071-2520B62EEA04}.Release|x64.ActiveCfg = Release|Any CPU
		{CA1A839B-35E6-4F20-B071-2520B62EEA04}.Release|x64.Build.0 = Release|Any CPU
		{CA1A839B-35E6-4F20-B071-2520B62EEA04}.Release|x86.ActiveCfg = Release|Any CPU
		{CA1A839B-35E6-4F20-B071-2520B62EEA04}.Release|x86.Build.0 = Release|Any CPU
		{98885942-55B9-491B-8859-7D9193CC025E}.Debug|Any CPU.ActiveCfg = Debug|Any CPU
		{98885942-55B9-491B-8859-7D9193CC025E}.Debug|Any CPU.Build.0 = Debug|Any CPU
		{98885942-55B9-491B-8859-7D9193CC025E}.Debug|x64.ActiveCfg = Debug|Any CPU
		{98885942-55B9-491B-8859-7D9193CC025E}.Debug|x64.Build.0 = Debug|Any CPU
		{98885942-55B9-491B-8859-7D9193CC025E}.Debug|x86.ActiveCfg = Debug|Any CPU
		{98885942-55B9-491B-8859-7D9193CC025E}.Debug|x86.Build.0 = Debug|Any CPU
		{98885942-55B9-491B-8859-7D9193CC025E}.Release|Any CPU.ActiveCfg = Release|Any CPU
		{98885942-55B9-491B-8859-7D9193CC025E}.Release|Any CPU.Build.0 = Release|Any CPU
		{98885942-55B9-491B-8859-7D9193CC025E}.Release|x64.ActiveCfg = Release|Any CPU
		{98885942-55B9-491B-8859-7D9193CC025E}.Release|x64.Build.0 = Release|Any CPU
		{98885942-55B9-491B-8859-7D9193CC025E}.Release|x86.ActiveCfg = Release|Any CPU
		{98885942-55B9-491B-8859-7D9193CC025E}.Release|x86.Build.0 = Release|Any CPU
		{6908B4C7-0647-49C1-BF84-D821F4289F1B}.Debug|Any CPU.ActiveCfg = Debug|Any CPU
		{6908B4C7-0647-49C1-BF84-D821F4289F1B}.Debug|Any CPU.Build.0 = Debug|Any CPU
		{6908B4C7-0647-49C1-BF84-D821F4289F1B}.Debug|x64.ActiveCfg = Debug|Any CPU
		{6908B4C7-0647-49C1-BF84-D821F4289F1B}.Debug|x64.Build.0 = Debug|Any CPU
		{6908B4C7-0647-49C1-BF84-D821F4289F1B}.Debug|x86.ActiveCfg = Debug|Any CPU
		{6908B4C7-0647-49C1-BF84-D821F4289F1B}.Debug|x86.Build.0 = Debug|Any CPU
		{6908B4C7-0647-49C1-BF84-D821F4289F1B}.Release|Any CPU.ActiveCfg = Release|Any CPU
		{6908B4C7-0647-49C1-BF84-D821F4289F1B}.Release|Any CPU.Build.0 = Release|Any CPU
		{6908B4C7-0647-49C1-BF84-D821F4289F1B}.Release|x64.ActiveCfg = Release|Any CPU
		{6908B4C7-0647-49C1-BF84-D821F4289F1B}.Release|x64.Build.0 = Release|Any CPU
		{6908B4C7-0647-49C1-BF84-D821F4289F1B}.Release|x86.ActiveCfg = Release|Any CPU
		{6908B4C7-0647-49C1-BF84-D821F4289F1B}.Release|x86.Build.0 = Release|Any CPU
		{94D009F5-D7F4-4FA7-A737-D66D7FC281E1}.Debug|Any CPU.ActiveCfg = Debug|Any CPU
		{94D009F5-D7F4-4FA7-A737-D66D7FC281E1}.Debug|Any CPU.Build.0 = Debug|Any CPU
		{94D009F5-D7F4-4FA7-A737-D66D7FC281E1}.Debug|x64.ActiveCfg = Debug|Any CPU
		{94D009F5-D7F4-4FA7-A737-D66D7FC281E1}.Debug|x64.Build.0 = Debug|Any CPU
		{94D009F5-D7F4-4FA7-A737-D66D7FC281E1}.Debug|x86.ActiveCfg = Debug|Any CPU
		{94D009F5-D7F4-4FA7-A737-D66D7FC281E1}.Debug|x86.Build.0 = Debug|Any CPU
		{94D009F5-D7F4-4FA7-A737-D66D7FC281E1}.Release|Any CPU.ActiveCfg = Release|Any CPU
		{94D009F5-D7F4-4FA7-A737-D66D7FC281E1}.Release|Any CPU.Build.0 = Release|Any CPU
		{94D009F5-D7F4-4FA7-A737-D66D7FC281E1}.Release|x64.ActiveCfg = Release|Any CPU
		{94D009F5-D7F4-4FA7-A737-D66D7FC281E1}.Release|x64.Build.0 = Release|Any CPU
		{94D009F5-D7F4-4FA7-A737-D66D7FC281E1}.Release|x86.ActiveCfg = Release|Any CPU
		{94D009F5-D7F4-4FA7-A737-D66D7FC281E1}.Release|x86.Build.0 = Release|Any CPU
		{8B95EAEA-1690-4DEA-A82A-414140286B65}.Debug|Any CPU.ActiveCfg = Debug|Any CPU
		{8B95EAEA-1690-4DEA-A82A-414140286B65}.Debug|Any CPU.Build.0 = Debug|Any CPU
		{8B95EAEA-1690-4DEA-A82A-414140286B65}.Debug|x64.ActiveCfg = Debug|Any CPU
		{8B95EAEA-1690-4DEA-A82A-414140286B65}.Debug|x64.Build.0 = Debug|Any CPU
		{8B95EAEA-1690-4DEA-A82A-414140286B65}.Debug|x86.ActiveCfg = Debug|Any CPU
		{8B95EAEA-1690-4DEA-A82A-414140286B65}.Debug|x86.Build.0 = Debug|Any CPU
		{8B95EAEA-1690-4DEA-A82A-414140286B65}.Release|Any CPU.ActiveCfg = Release|Any CPU
		{8B95EAEA-1690-4DEA-A82A-414140286B65}.Release|Any CPU.Build.0 = Release|Any CPU
		{8B95EAEA-1690-4DEA-A82A-414140286B65}.Release|x64.ActiveCfg = Release|Any CPU
		{8B95EAEA-1690-4DEA-A82A-414140286B65}.Release|x64.Build.0 = Release|Any CPU
		{8B95EAEA-1690-4DEA-A82A-414140286B65}.Release|x86.ActiveCfg = Release|Any CPU
		{8B95EAEA-1690-4DEA-A82A-414140286B65}.Release|x86.Build.0 = Release|Any CPU
		{305B925B-9484-4159-A836-35C0247BEB0D}.Debug|Any CPU.ActiveCfg = Debug|Any CPU
		{305B925B-9484-4159-A836-35C0247BEB0D}.Debug|Any CPU.Build.0 = Debug|Any CPU
		{305B925B-9484-4159-A836-35C0247BEB0D}.Debug|x64.ActiveCfg = Debug|Any CPU
		{305B925B-9484-4159-A836-35C0247BEB0D}.Debug|x64.Build.0 = Debug|Any CPU
		{305B925B-9484-4159-A836-35C0247BEB0D}.Debug|x86.ActiveCfg = Debug|Any CPU
		{305B925B-9484-4159-A836-35C0247BEB0D}.Debug|x86.Build.0 = Debug|Any CPU
		{305B925B-9484-4159-A836-35C0247BEB0D}.Release|Any CPU.ActiveCfg = Release|Any CPU
		{305B925B-9484-4159-A836-35C0247BEB0D}.Release|Any CPU.Build.0 = Release|Any CPU
		{305B925B-9484-4159-A836-35C0247BEB0D}.Release|x64.ActiveCfg = Release|Any CPU
		{305B925B-9484-4159-A836-35C0247BEB0D}.Release|x64.Build.0 = Release|Any CPU
		{305B925B-9484-4159-A836-35C0247BEB0D}.Release|x86.ActiveCfg = Release|Any CPU
		{305B925B-9484-4159-A836-35C0247BEB0D}.Release|x86.Build.0 = Release|Any CPU
		{60100AFB-B280-40E0-92C7-3CC2C8465A6C}.Debug|Any CPU.ActiveCfg = Debug|Any CPU
		{60100AFB-B280-40E0-92C7-3CC2C8465A6C}.Debug|Any CPU.Build.0 = Debug|Any CPU
		{60100AFB-B280-40E0-92C7-3CC2C8465A6C}.Debug|x64.ActiveCfg = Debug|Any CPU
		{60100AFB-B280-40E0-92C7-3CC2C8465A6C}.Debug|x64.Build.0 = Debug|Any CPU
		{60100AFB-B280-40E0-92C7-3CC2C8465A6C}.Debug|x86.ActiveCfg = Debug|Any CPU
		{60100AFB-B280-40E0-92C7-3CC2C8465A6C}.Debug|x86.Build.0 = Debug|Any CPU
		{60100AFB-B280-40E0-92C7-3CC2C8465A6C}.Release|Any CPU.ActiveCfg = Release|Any CPU
		{60100AFB-B280-40E0-92C7-3CC2C8465A6C}.Release|Any CPU.Build.0 = Release|Any CPU
		{60100AFB-B280-40E0-92C7-3CC2C8465A6C}.Release|x64.ActiveCfg = Release|Any CPU
		{60100AFB-B280-40E0-92C7-3CC2C8465A6C}.Release|x64.Build.0 = Release|Any CPU
		{60100AFB-B280-40E0-92C7-3CC2C8465A6C}.Release|x86.ActiveCfg = Release|Any CPU
		{60100AFB-B280-40E0-92C7-3CC2C8465A6C}.Release|x86.Build.0 = Release|Any CPU
		{7B219300-EC3F-40FE-AC55-D9BC35842A64}.Debug|Any CPU.ActiveCfg = Debug|Any CPU
		{7B219300-EC3F-40FE-AC55-D9BC35842A64}.Debug|Any CPU.Build.0 = Debug|Any CPU
		{7B219300-EC3F-40FE-AC55-D9BC35842A64}.Debug|x64.ActiveCfg = Debug|Any CPU
		{7B219300-EC3F-40FE-AC55-D9BC35842A64}.Debug|x64.Build.0 = Debug|Any CPU
		{7B219300-EC3F-40FE-AC55-D9BC35842A64}.Debug|x86.ActiveCfg = Debug|Any CPU
		{7B219300-EC3F-40FE-AC55-D9BC35842A64}.Debug|x86.Build.0 = Debug|Any CPU
		{7B219300-EC3F-40FE-AC55-D9BC35842A64}.Release|Any CPU.ActiveCfg = Release|Any CPU
		{7B219300-EC3F-40FE-AC55-D9BC35842A64}.Release|Any CPU.Build.0 = Release|Any CPU
		{7B219300-EC3F-40FE-AC55-D9BC35842A64}.Release|x64.ActiveCfg = Release|Any CPU
		{7B219300-EC3F-40FE-AC55-D9BC35842A64}.Release|x64.Build.0 = Release|Any CPU
		{7B219300-EC3F-40FE-AC55-D9BC35842A64}.Release|x86.ActiveCfg = Release|Any CPU
		{7B219300-EC3F-40FE-AC55-D9BC35842A64}.Release|x86.Build.0 = Release|Any CPU
		{19CC7C3E-07A4-4182-8C31-9AF36BA1FB5A}.Debug|Any CPU.ActiveCfg = Debug|Any CPU
		{19CC7C3E-07A4-4182-8C31-9AF36BA1FB5A}.Debug|Any CPU.Build.0 = Debug|Any CPU
		{19CC7C3E-07A4-4182-8C31-9AF36BA1FB5A}.Debug|x64.ActiveCfg = Debug|Any CPU
		{19CC7C3E-07A4-4182-8C31-9AF36BA1FB5A}.Debug|x64.Build.0 = Debug|Any CPU
		{19CC7C3E-07A4-4182-8C31-9AF36BA1FB5A}.Debug|x86.ActiveCfg = Debug|Any CPU
		{19CC7C3E-07A4-4182-8C31-9AF36BA1FB5A}.Debug|x86.Build.0 = Debug|Any CPU
		{19CC7C3E-07A4-4182-8C31-9AF36BA1FB5A}.Release|Any CPU.ActiveCfg = Release|Any CPU
		{19CC7C3E-07A4-4182-8C31-9AF36BA1FB5A}.Release|Any CPU.Build.0 = Release|Any CPU
		{19CC7C3E-07A4-4182-8C31-9AF36BA1FB5A}.Release|x64.ActiveCfg = Release|Any CPU
		{19CC7C3E-07A4-4182-8C31-9AF36BA1FB5A}.Release|x64.Build.0 = Release|Any CPU
		{19CC7C3E-07A4-4182-8C31-9AF36BA1FB5A}.Release|x86.ActiveCfg = Release|Any CPU
		{19CC7C3E-07A4-4182-8C31-9AF36BA1FB5A}.Release|x86.Build.0 = Release|Any CPU
		{AB4B009D-283D-4A67-9128-242BE756E379}.Debug|Any CPU.ActiveCfg = Debug|Any CPU
		{AB4B009D-283D-4A67-9128-242BE756E379}.Debug|Any CPU.Build.0 = Debug|Any CPU
		{AB4B009D-283D-4A67-9128-242BE756E379}.Debug|x64.ActiveCfg = Debug|Any CPU
		{AB4B009D-283D-4A67-9128-242BE756E379}.Debug|x64.Build.0 = Debug|Any CPU
		{AB4B009D-283D-4A67-9128-242BE756E379}.Debug|x86.ActiveCfg = Debug|Any CPU
		{AB4B009D-283D-4A67-9128-242BE756E379}.Debug|x86.Build.0 = Debug|Any CPU
		{AB4B009D-283D-4A67-9128-242BE756E379}.Release|Any CPU.ActiveCfg = Release|Any CPU
		{AB4B009D-283D-4A67-9128-242BE756E379}.Release|Any CPU.Build.0 = Release|Any CPU
		{AB4B009D-283D-4A67-9128-242BE756E379}.Release|x64.ActiveCfg = Release|Any CPU
		{AB4B009D-283D-4A67-9128-242BE756E379}.Release|x64.Build.0 = Release|Any CPU
		{AB4B009D-283D-4A67-9128-242BE756E379}.Release|x86.ActiveCfg = Release|Any CPU
		{AB4B009D-283D-4A67-9128-242BE756E379}.Release|x86.Build.0 = Release|Any CPU
		{9DD40991-2E73-4A5C-BB6D-EEE7D9D55B20}.Debug|Any CPU.ActiveCfg = Debug|Any CPU
		{9DD40991-2E73-4A5C-BB6D-EEE7D9D55B20}.Debug|Any CPU.Build.0 = Debug|Any CPU
		{9DD40991-2E73-4A5C-BB6D-EEE7D9D55B20}.Debug|x64.ActiveCfg = Debug|Any CPU
		{9DD40991-2E73-4A5C-BB6D-EEE7D9D55B20}.Debug|x64.Build.0 = Debug|Any CPU
		{9DD40991-2E73-4A5C-BB6D-EEE7D9D55B20}.Debug|x86.ActiveCfg = Debug|Any CPU
		{9DD40991-2E73-4A5C-BB6D-EEE7D9D55B20}.Debug|x86.Build.0 = Debug|Any CPU
		{9DD40991-2E73-4A5C-BB6D-EEE7D9D55B20}.Release|Any CPU.ActiveCfg = Release|Any CPU
		{9DD40991-2E73-4A5C-BB6D-EEE7D9D55B20}.Release|Any CPU.Build.0 = Release|Any CPU
		{9DD40991-2E73-4A5C-BB6D-EEE7D9D55B20}.Release|x64.ActiveCfg = Release|Any CPU
		{9DD40991-2E73-4A5C-BB6D-EEE7D9D55B20}.Release|x64.Build.0 = Release|Any CPU
		{9DD40991-2E73-4A5C-BB6D-EEE7D9D55B20}.Release|x86.ActiveCfg = Release|Any CPU
		{9DD40991-2E73-4A5C-BB6D-EEE7D9D55B20}.Release|x86.Build.0 = Release|Any CPU
	EndGlobalSection
EndGlobal
